// !$*UTF8*$!
{
	archiveVersion = 1;
	classes = {
	};
	objectVersion = 56;
	objects = {

/* Begin PBXBuildFile section */
		98C12D3A2A5E3B8A00175EB8 /* AppDelegate.swift in Sources */ = {isa = PBXBuildFile; fileRef = 98C12D392A5E3B8A00175EB8 /* AppDelegate.swift */; };
		98C12D3C2A5E3B8B00175EB8 /* SceneDelegate.swift in Sources */ = {isa = PBXBuildFile; fileRef = 98C12D3B2A5E3B8B00175EB8 /* SceneDelegate.swift */; };
		98C12D412A5E3B8B00175EB8 /* Main.storyboard in Resources */ = {isa = PBXBuildFile; fileRef = 98C12D3F2A5E3B8B00175EB8 /* Main.storyboard */; };
		98C12D432A5E3B8B00175EB8 /* Assets.xcassets in Resources */ = {isa = PBXBuildFile; fileRef = 98C12D422A5E3B8B00175EB8 /* Assets.xcassets */; };
		98C12D462A5E3B8B00175EB8 /* LaunchScreen.storyboard in Resources */ = {isa = PBXBuildFile; fileRef = 98C12D442A5E3B8B00175EB8 /* LaunchScreen.storyboard */; };
		98C12D612A5E487300175EB8 /* Pretendard-Medium.otf in Resources */ = {isa = PBXBuildFile; fileRef = 98C12D582A5E487200175EB8 /* Pretendard-Medium.otf */; };
		98C12D652A5E487300175EB8 /* Pretendard-Light.otf in Resources */ = {isa = PBXBuildFile; fileRef = 98C12D5C2A5E487200175EB8 /* Pretendard-Light.otf */; };
		98C12D662A5E487300175EB8 /* Pretendard-Bold.otf in Resources */ = {isa = PBXBuildFile; fileRef = 98C12D5D2A5E487200175EB8 /* Pretendard-Bold.otf */; };
		98C12D672A5E487300175EB8 /* Pretendard-Regular.otf in Resources */ = {isa = PBXBuildFile; fileRef = 98C12D5E2A5E487300175EB8 /* Pretendard-Regular.otf */; };
		98C12D692A5E564E00175EB8 /* MainViewController.swift in Sources */ = {isa = PBXBuildFile; fileRef = 98C12D682A5E564E00175EB8 /* MainViewController.swift */; };
		98C12D6C2A5E59DA00175EB8 /* SUIT-Bold.otf in Resources */ = {isa = PBXBuildFile; fileRef = 98C12D6A2A5E59DA00175EB8 /* SUIT-Bold.otf */; };
		98C12D6D2A5E59DA00175EB8 /* SUIT-Medium.otf in Resources */ = {isa = PBXBuildFile; fileRef = 98C12D6B2A5E59DA00175EB8 /* SUIT-Medium.otf */; };
/* End PBXBuildFile section */

/* Begin PBXFileReference section */
		98C12D362A5E3B8A00175EB8 /* YakAl.app */ = {isa = PBXFileReference; explicitFileType = wrapper.application; includeInIndex = 0; path = YakAl.app; sourceTree = BUILT_PRODUCTS_DIR; };
		98C12D392A5E3B8A00175EB8 /* AppDelegate.swift */ = {isa = PBXFileReference; lastKnownFileType = sourcecode.swift; path = AppDelegate.swift; sourceTree = "<group>"; };
		98C12D3B2A5E3B8B00175EB8 /* SceneDelegate.swift */ = {isa = PBXFileReference; lastKnownFileType = sourcecode.swift; path = SceneDelegate.swift; sourceTree = "<group>"; };
		98C12D402A5E3B8B00175EB8 /* Base */ = {isa = PBXFileReference; lastKnownFileType = file.storyboard; name = Base; path = Base.lproj/Main.storyboard; sourceTree = "<group>"; };
		98C12D422A5E3B8B00175EB8 /* Assets.xcassets */ = {isa = PBXFileReference; lastKnownFileType = folder.assetcatalog; path = Assets.xcassets; sourceTree = "<group>"; };
		98C12D452A5E3B8B00175EB8 /* Base */ = {isa = PBXFileReference; lastKnownFileType = file.storyboard; name = Base; path = Base.lproj/LaunchScreen.storyboard; sourceTree = "<group>"; };
		98C12D472A5E3B8B00175EB8 /* Info.plist */ = {isa = PBXFileReference; lastKnownFileType = text.plist.xml; path = Info.plist; sourceTree = "<group>"; };
		98C12D582A5E487200175EB8 /* Pretendard-Medium.otf */ = {isa = PBXFileReference; lastKnownFileType = file; path = "Pretendard-Medium.otf"; sourceTree = "<group>"; };
		98C12D5C2A5E487200175EB8 /* Pretendard-Light.otf */ = {isa = PBXFileReference; lastKnownFileType = file; path = "Pretendard-Light.otf"; sourceTree = "<group>"; };
		98C12D5D2A5E487200175EB8 /* Pretendard-Bold.otf */ = {isa = PBXFileReference; lastKnownFileType = file; path = "Pretendard-Bold.otf"; sourceTree = "<group>"; };
		98C12D5E2A5E487300175EB8 /* Pretendard-Regular.otf */ = {isa = PBXFileReference; lastKnownFileType = file; path = "Pretendard-Regular.otf"; sourceTree = "<group>"; };
		98C12D682A5E564E00175EB8 /* MainViewController.swift */ = {isa = PBXFileReference; lastKnownFileType = sourcecode.swift; path = MainViewController.swift; sourceTree = "<group>"; };
		98C12D6A2A5E59DA00175EB8 /* SUIT-Bold.otf */ = {isa = PBXFileReference; lastKnownFileType = file; path = "SUIT-Bold.otf"; sourceTree = "<group>"; };
		98C12D6B2A5E59DA00175EB8 /* SUIT-Medium.otf */ = {isa = PBXFileReference; lastKnownFileType = file; path = "SUIT-Medium.otf"; sourceTree = "<group>"; };
/* End PBXFileReference section */

/* Begin PBXFrameworksBuildPhase section */
		98C12D332A5E3B8A00175EB8 /* Frameworks */ = {
			isa = PBXFrameworksBuildPhase;
			buildActionMask = 2147483647;
			files = (
			);
			runOnlyForDeploymentPostprocessing = 0;
		};
/* End PBXFrameworksBuildPhase section */

/* Begin PBXGroup section */
		98C12D2D2A5E3B8A00175EB8 = {
			isa = PBXGroup;
			children = (
				98C12D382A5E3B8A00175EB8 /* YakAl */,
				98C12D372A5E3B8A00175EB8 /* Products */,
			);
			sourceTree = "<group>";
		};
		98C12D372A5E3B8A00175EB8 /* Products */ = {
			isa = PBXGroup;
			children = (
				98C12D362A5E3B8A00175EB8 /* YakAl.app */,
			);
			name = Products;
			sourceTree = "<group>";
		};
		98C12D382A5E3B8A00175EB8 /* YakAl */ = {
			isa = PBXGroup;
			children = (
				98C12D502A5E3C7700175EB8 /* Sources */,
				98C12D4D2A5E3C2B00175EB8 /* Resources */,
				98C12D472A5E3B8B00175EB8 /* Info.plist */,
			);
			path = YakAl;
			sourceTree = "<group>";
		};
		98C12D4D2A5E3C2B00175EB8 /* Resources */ = {
			isa = PBXGroup;
			children = (
				98C12D552A5E484B00175EB8 /* Fonts */,
				98C12D422A5E3B8B00175EB8 /* Assets.xcassets */,
				98C12D392A5E3B8A00175EB8 /* AppDelegate.swift */,
				98C12D3B2A5E3B8B00175EB8 /* SceneDelegate.swift */,
				98C12D4F2A5E3C4100175EB8 /* APIServices */,
				98C12D4E2A5E3C3800175EB8 /* StoryBoards */,
			);
			path = Resources;
			sourceTree = "<group>";
		};
		98C12D4E2A5E3C3800175EB8 /* StoryBoards */ = {
			isa = PBXGroup;
			children = (
				98C12D3F2A5E3B8B00175EB8 /* Main.storyboard */,
				98C12D442A5E3B8B00175EB8 /* LaunchScreen.storyboard */,
			);
			path = StoryBoards;
			sourceTree = "<group>";
		};
		98C12D4F2A5E3C4100175EB8 /* APIServices */ = {
			isa = PBXGroup;
			children = (
			);
			path = APIServices;
			sourceTree = "<group>";
		};
		98C12D502A5E3C7700175EB8 /* Sources */ = {
			isa = PBXGroup;
			children = (
				98C12D542A5E3C8F00175EB8 /* Models */,
				98C12D532A5E3C8900175EB8 /* Cells */,
				98C12D522A5E3C8300175EB8 /* Classes */,
				98C12D512A5E3C7E00175EB8 /* VCs */,
			);
			path = Sources;
			sourceTree = "<group>";
		};
		98C12D512A5E3C7E00175EB8 /* VCs */ = {
			isa = PBXGroup;
			children = (
				98C12D682A5E564E00175EB8 /* MainViewController.swift */,
			);
			path = VCs;
			sourceTree = "<group>";
		};
		98C12D522A5E3C8300175EB8 /* Classes */ = {
			isa = PBXGroup;
			children = (
			);
			path = Classes;
			sourceTree = "<group>";
		};
		98C12D532A5E3C8900175EB8 /* Cells */ = {
			isa = PBXGroup;
			children = (
			);
			path = Cells;
			sourceTree = "<group>";
		};
		98C12D542A5E3C8F00175EB8 /* Models */ = {
			isa = PBXGroup;
			children = (
			);
			path = Models;
			sourceTree = "<group>";
		};
		98C12D552A5E484B00175EB8 /* Fonts */ = {
			isa = PBXGroup;
			children = (
				98C12D6A2A5E59DA00175EB8 /* SUIT-Bold.otf */,
				98C12D6B2A5E59DA00175EB8 /* SUIT-Medium.otf */,
				98C12D5D2A5E487200175EB8 /* Pretendard-Bold.otf */,
				98C12D5C2A5E487200175EB8 /* Pretendard-Light.otf */,
				98C12D582A5E487200175EB8 /* Pretendard-Medium.otf */,
				98C12D5E2A5E487300175EB8 /* Pretendard-Regular.otf */,
			);
			path = Fonts;
			sourceTree = "<group>";
		};
/* End PBXGroup section */

/* Begin PBXNativeTarget section */
		98C12D352A5E3B8A00175EB8 /* YakAl */ = {
			isa = PBXNativeTarget;
			buildConfigurationList = 98C12D4A2A5E3B8B00175EB8 /* Build configuration list for PBXNativeTarget "YakAl" */;
			buildPhases = (
				98C12D322A5E3B8A00175EB8 /* Sources */,
				98C12D332A5E3B8A00175EB8 /* Frameworks */,
				98C12D342A5E3B8A00175EB8 /* Resources */,
			);
			buildRules = (
			);
			dependencies = (
			);
			name = YakAl;
			productName = YakAl;
			productReference = 98C12D362A5E3B8A00175EB8 /* YakAl.app */;
			productType = "com.apple.product-type.application";
		};
/* End PBXNativeTarget section */

/* Begin PBXProject section */
		98C12D2E2A5E3B8A00175EB8 /* Project object */ = {
			isa = PBXProject;
			attributes = {
				BuildIndependentTargetsInParallel = 1;
				LastSwiftUpdateCheck = 1430;
				LastUpgradeCheck = 1430;
				TargetAttributes = {
					98C12D352A5E3B8A00175EB8 = {
						CreatedOnToolsVersion = 14.3.1;
					};
				};
			};
			buildConfigurationList = 98C12D312A5E3B8A00175EB8 /* Build configuration list for PBXProject "YakAl" */;
			compatibilityVersion = "Xcode 14.0";
			developmentRegion = en;
			hasScannedForEncodings = 0;
			knownRegions = (
				en,
				Base,
			);
			mainGroup = 98C12D2D2A5E3B8A00175EB8;
			productRefGroup = 98C12D372A5E3B8A00175EB8 /* Products */;
			projectDirPath = "";
			projectRoot = "";
			targets = (
				98C12D352A5E3B8A00175EB8 /* YakAl */,
			);
		};
/* End PBXProject section */

/* Begin PBXResourcesBuildPhase section */
		98C12D342A5E3B8A00175EB8 /* Resources */ = {
			isa = PBXResourcesBuildPhase;
			buildActionMask = 2147483647;
			files = (
				98C12D662A5E487300175EB8 /* Pretendard-Bold.otf in Resources */,
				98C12D672A5E487300175EB8 /* Pretendard-Regular.otf in Resources */,
				98C12D462A5E3B8B00175EB8 /* LaunchScreen.storyboard in Resources */,
				98C12D6D2A5E59DA00175EB8 /* SUIT-Medium.otf in Resources */,
				98C12D432A5E3B8B00175EB8 /* Assets.xcassets in Resources */,
				98C12D652A5E487300175EB8 /* Pretendard-Light.otf in Resources */,
				98C12D412A5E3B8B00175EB8 /* Main.storyboard in Resources */,
				98C12D612A5E487300175EB8 /* Pretendard-Medium.otf in Resources */,
				98C12D6C2A5E59DA00175EB8 /* SUIT-Bold.otf in Resources */,
			);
			runOnlyForDeploymentPostprocessing = 0;
		};
/* End PBXResourcesBuildPhase section */

/* Begin PBXSourcesBuildPhase section */
		98C12D322A5E3B8A00175EB8 /* Sources */ = {
			isa = PBXSourcesBuildPhase;
			buildActionMask = 2147483647;
			files = (
				98C12D692A5E564E00175EB8 /* MainViewController.swift in Sources */,
				98C12D3A2A5E3B8A00175EB8 /* AppDelegate.swift in Sources */,
				98C12D3C2A5E3B8B00175EB8 /* SceneDelegate.swift in Sources */,
			);
			runOnlyForDeploymentPostprocessing = 0;
		};
/* End PBXSourcesBuildPhase section */

/* Begin PBXVariantGroup section */
		98C12D3F2A5E3B8B00175EB8 /* Main.storyboard */ = {
			isa = PBXVariantGroup;
			children = (
				98C12D402A5E3B8B00175EB8 /* Base */,
			);
			name = Main.storyboard;
			sourceTree = "<group>";
		};
		98C12D442A5E3B8B00175EB8 /* LaunchScreen.storyboard */ = {
			isa = PBXVariantGroup;
			children = (
				98C12D452A5E3B8B00175EB8 /* Base */,
			);
			name = LaunchScreen.storyboard;
			sourceTree = "<group>";
		};
/* End PBXVariantGroup section */

/* Begin XCBuildConfiguration section */
		98C12D482A5E3B8B00175EB8 /* Debug */ = {
			isa = XCBuildConfiguration;
			buildSettings = {
				ALWAYS_SEARCH_USER_PATHS = NO;
				CLANG_ANALYZER_NONNULL = YES;
				CLANG_ANALYZER_NUMBER_OBJECT_CONVERSION = YES_AGGRESSIVE;
				CLANG_CXX_LANGUAGE_STANDARD = "gnu++20";
				CLANG_ENABLE_MODULES = YES;
				CLANG_ENABLE_OBJC_ARC = YES;
				CLANG_ENABLE_OBJC_WEAK = YES;
				CLANG_WARN_BLOCK_CAPTURE_AUTORELEASING = YES;
				CLANG_WARN_BOOL_CONVERSION = YES;
				CLANG_WARN_COMMA = YES;
				CLANG_WARN_CONSTANT_CONVERSION = YES;
				CLANG_WARN_DEPRECATED_OBJC_IMPLEMENTATIONS = YES;
				CLANG_WARN_DIRECT_OBJC_ISA_USAGE = YES_ERROR;
				CLANG_WARN_DOCUMENTATION_COMMENTS = YES;
				CLANG_WARN_EMPTY_BODY = YES;
				CLANG_WARN_ENUM_CONVERSION = YES;
				CLANG_WARN_INFINITE_RECURSION = YES;
				CLANG_WARN_INT_CONVERSION = YES;
				CLANG_WARN_NON_LITERAL_NULL_CONVERSION = YES;
				CLANG_WARN_OBJC_IMPLICIT_RETAIN_SELF = YES;
				CLANG_WARN_OBJC_LITERAL_CONVERSION = YES;
				CLANG_WARN_OBJC_ROOT_CLASS = YES_ERROR;
				CLANG_WARN_QUOTED_INCLUDE_IN_FRAMEWORK_HEADER = YES;
				CLANG_WARN_RANGE_LOOP_ANALYSIS = YES;
				CLANG_WARN_STRICT_PROTOTYPES = YES;
				CLANG_WARN_SUSPICIOUS_MOVE = YES;
				CLANG_WARN_UNGUARDED_AVAILABILITY = YES_AGGRESSIVE;
				CLANG_WARN_UNREACHABLE_CODE = YES;
				CLANG_WARN__DUPLICATE_METHOD_MATCH = YES;
				COPY_PHASE_STRIP = NO;
				DEBUG_INFORMATION_FORMAT = dwarf;
				ENABLE_STRICT_OBJC_MSGSEND = YES;
				ENABLE_TESTABILITY = YES;
				GCC_C_LANGUAGE_STANDARD = gnu11;
				GCC_DYNAMIC_NO_PIC = NO;
				GCC_NO_COMMON_BLOCKS = YES;
				GCC_OPTIMIZATION_LEVEL = 0;
				GCC_PREPROCESSOR_DEFINITIONS = (
					"DEBUG=1",
					"$(inherited)",
				);
				GCC_WARN_64_TO_32_BIT_CONVERSION = YES;
				GCC_WARN_ABOUT_RETURN_TYPE = YES_ERROR;
				GCC_WARN_UNDECLARED_SELECTOR = YES;
				GCC_WARN_UNINITIALIZED_AUTOS = YES_AGGRESSIVE;
				GCC_WARN_UNUSED_FUNCTION = YES;
				GCC_WARN_UNUSED_VARIABLE = YES;
				IPHONEOS_DEPLOYMENT_TARGET = 16.4;
				MTL_ENABLE_DEBUG_INFO = INCLUDE_SOURCE;
				MTL_FAST_MATH = YES;
				ONLY_ACTIVE_ARCH = YES;
				SDKROOT = iphoneos;
				SWIFT_ACTIVE_COMPILATION_CONDITIONS = DEBUG;
				SWIFT_OPTIMIZATION_LEVEL = "-Onone";
			};
			name = Debug;
		};
		98C12D492A5E3B8B00175EB8 /* Release */ = {
			isa = XCBuildConfiguration;
			buildSettings = {
				ALWAYS_SEARCH_USER_PATHS = NO;
				CLANG_ANALYZER_NONNULL = YES;
				CLANG_ANALYZER_NUMBER_OBJECT_CONVERSION = YES_AGGRESSIVE;
				CLANG_CXX_LANGUAGE_STANDARD = "gnu++20";
				CLANG_ENABLE_MODULES = YES;
				CLANG_ENABLE_OBJC_ARC = YES;
				CLANG_ENABLE_OBJC_WEAK = YES;
				CLANG_WARN_BLOCK_CAPTURE_AUTORELEASING = YES;
				CLANG_WARN_BOOL_CONVERSION = YES;
				CLANG_WARN_COMMA = YES;
				CLANG_WARN_CONSTANT_CONVERSION = YES;
				CLANG_WARN_DEPRECATED_OBJC_IMPLEMENTATIONS = YES;
				CLANG_WARN_DIRECT_OBJC_ISA_USAGE = YES_ERROR;
				CLANG_WARN_DOCUMENTATION_COMMENTS = YES;
				CLANG_WARN_EMPTY_BODY = YES;
				CLANG_WARN_ENUM_CONVERSION = YES;
				CLANG_WARN_INFINITE_RECURSION = YES;
				CLANG_WARN_INT_CONVERSION = YES;
				CLANG_WARN_NON_LITERAL_NULL_CONVERSION = YES;
				CLANG_WARN_OBJC_IMPLICIT_RETAIN_SELF = YES;
				CLANG_WARN_OBJC_LITERAL_CONVERSION = YES;
				CLANG_WARN_OBJC_ROOT_CLASS = YES_ERROR;
				CLANG_WARN_QUOTED_INCLUDE_IN_FRAMEWORK_HEADER = YES;
				CLANG_WARN_RANGE_LOOP_ANALYSIS = YES;
				CLANG_WARN_STRICT_PROTOTYPES = YES;
				CLANG_WARN_SUSPICIOUS_MOVE = YES;
				CLANG_WARN_UNGUARDED_AVAILABILITY = YES_AGGRESSIVE;
				CLANG_WARN_UNREACHABLE_CODE = YES;
				CLANG_WARN__DUPLICATE_METHOD_MATCH = YES;
				COPY_PHASE_STRIP = NO;
				DEBUG_INFORMATION_FORMAT = "dwarf-with-dsym";
				ENABLE_NS_ASSERTIONS = NO;
				ENABLE_STRICT_OBJC_MSGSEND = YES;
				GCC_C_LANGUAGE_STANDARD = gnu11;
				GCC_NO_COMMON_BLOCKS = YES;
				GCC_WARN_64_TO_32_BIT_CONVERSION = YES;
				GCC_WARN_ABOUT_RETURN_TYPE = YES_ERROR;
				GCC_WARN_UNDECLARED_SELECTOR = YES;
				GCC_WARN_UNINITIALIZED_AUTOS = YES_AGGRESSIVE;
				GCC_WARN_UNUSED_FUNCTION = YES;
				GCC_WARN_UNUSED_VARIABLE = YES;
				IPHONEOS_DEPLOYMENT_TARGET = 16.4;
				MTL_ENABLE_DEBUG_INFO = NO;
				MTL_FAST_MATH = YES;
				SDKROOT = iphoneos;
				SWIFT_COMPILATION_MODE = wholemodule;
				SWIFT_OPTIMIZATION_LEVEL = "-O";
				VALIDATE_PRODUCT = YES;
			};
			name = Release;
		};
		98C12D4B2A5E3B8B00175EB8 /* Debug */ = {
			isa = XCBuildConfiguration;
			buildSettings = {
				ASSETCATALOG_COMPILER_APPICON_NAME = AppIcon;
				ASSETCATALOG_COMPILER_GLOBAL_ACCENT_COLOR_NAME = AccentColor;
				CODE_SIGN_STYLE = Automatic;
				CURRENT_PROJECT_VERSION = 1;
				DEVELOPMENT_TEAM = Y2M459JK4X;
				GENERATE_INFOPLIST_FILE = YES;
				INFOPLIST_FILE = YakAl/Info.plist;
				INFOPLIST_KEY_UIApplicationSupportsIndirectInputEvents = YES;
				INFOPLIST_KEY_UILaunchStoryboardName = LaunchScreen;
				INFOPLIST_KEY_UIMainStoryboardFile = Main;
				INFOPLIST_KEY_UISupportedInterfaceOrientations_iPad = "UIInterfaceOrientationPortrait UIInterfaceOrientationPortraitUpsideDown UIInterfaceOrientationLandscapeLeft UIInterfaceOrientationLandscapeRight";
				INFOPLIST_KEY_UISupportedInterfaceOrientations_iPhone = "UIInterfaceOrientationPortrait UIInterfaceOrientationLandscapeLeft UIInterfaceOrientationLandscapeRight";
				LD_RUNPATH_SEARCH_PATHS = (
					"$(inherited)",
					"@executable_path/Frameworks",
				);
				MARKETING_VERSION = 1.0;
				PRODUCT_BUNDLE_IDENTIFIER = com.seochan99.YakAl;
				PRODUCT_NAME = "$(TARGET_NAME)";
				SWIFT_EMIT_LOC_STRINGS = YES;
				SWIFT_VERSION = 5.0;
				TARGETED_DEVICE_FAMILY = "1,2";
			};
			name = Debug;
		};
		98C12D4C2A5E3B8B00175EB8 /* Release */ = {
			isa = XCBuildConfiguration;
			buildSettings = {
				ASSETCATALOG_COMPILER_APPICON_NAME = AppIcon;
				ASSETCATALOG_COMPILER_GLOBAL_ACCENT_COLOR_NAME = AccentColor;
				CODE_SIGN_STYLE = Automatic;
				CURRENT_PROJECT_VERSION = 1;
				DEVELOPMENT_TEAM = Y2M459JK4X;
				GENERATE_INFOPLIST_FILE = YES;
				INFOPLIST_FILE = YakAl/Info.plist;
				INFOPLIST_KEY_UIApplicationSupportsIndirectInputEvents = YES;
				INFOPLIST_KEY_UILaunchStoryboardName = LaunchScreen;
				INFOPLIST_KEY_UIMainStoryboardFile = Main;
				INFOPLIST_KEY_UISupportedInterfaceOrientations_iPad = "UIInterfaceOrientationPortrait UIInterfaceOrientationPortraitUpsideDown UIInterfaceOrientationLandscapeLeft UIInterfaceOrientationLandscapeRight";
				INFOPLIST_KEY_UISupportedInterfaceOrientations_iPhone = "UIInterfaceOrientationPortrait UIInterfaceOrientationLandscapeLeft UIInterfaceOrientationLandscapeRight";
				LD_RUNPATH_SEARCH_PATHS = (
					"$(inherited)",
					"@executable_path/Frameworks",
				);
				MARKETING_VERSION = 1.0;
				PRODUCT_BUNDLE_IDENTIFIER = com.seochan99.YakAl;
				PRODUCT_NAME = "$(TARGET_NAME)";
				SWIFT_EMIT_LOC_STRINGS = YES;
				SWIFT_VERSION = 5.0;
				TARGETED_DEVICE_FAMILY = "1,2";
			};
			name = Release;
		};
/* End XCBuildConfiguration section */

/* Begin XCConfigurationList section */
		98C12D312A5E3B8A00175EB8 /* Build configuration list for PBXProject "YakAl" */ = {
			isa = XCConfigurationList;
			buildConfigurations = (
				98C12D482A5E3B8B00175EB8 /* Debug */,
				98C12D492A5E3B8B00175EB8 /* Release */,
			);
			defaultConfigurationIsVisible = 0;
			defaultConfigurationName = Release;
		};
		98C12D4A2A5E3B8B00175EB8 /* Build configuration list for PBXNativeTarget "YakAl" */ = {
			isa = XCConfigurationList;
			buildConfigurations = (
				98C12D4B2A5E3B8B00175EB8 /* Debug */,
				98C12D4C2A5E3B8B00175EB8 /* Release */,
			);
			defaultConfigurationIsVisible = 0;
			defaultConfigurationName = Release;
		};
/* End XCConfigurationList section */
	};
	rootObject = 98C12D2E2A5E3B8A00175EB8 /* Project object */;
}
