// !$*UTF8*$!
{
	archiveVersion = 1;
	classes = {
	};
	objectVersion = 56;
	objects = {

/* Begin PBXBuildFile section */
		8CE80EF4604FC4229A794C5E /* Pods_YakAl.framework in Frameworks */ = {isa = PBXBuildFile; fileRef = F0F1246EC00D3B5E32CB59DE /* Pods_YakAl.framework */; };
		980531922A6F7C2F00E094C3 /* Step0_1VC.swift in Sources */ = {isa = PBXBuildFile; fileRef = 980531912A6F7C2F00E094C3 /* Step0_1VC.swift */; };
		980BF8F22A61015100ADE034 /* ProgressNavController.swift in Sources */ = {isa = PBXBuildFile; fileRef = 980BF8F12A61015100ADE034 /* ProgressNavController.swift */; };
		985A28BF2A76B99E00B9943D /* TabBarVC.swift in Sources */ = {isa = PBXBuildFile; fileRef = 985A28BE2A76B99E00B9943D /* TabBarVC.swift */; };
		986AF8322A76B4FA00F442B4 /* MyLocationVC.swift in Sources */ = {isa = PBXBuildFile; fileRef = 986AF8312A76B4FA00F442B4 /* MyLocationVC.swift */; };
		986AF8342A76B51000F442B4 /* CommunityVC.swift in Sources */ = {isa = PBXBuildFile; fileRef = 986AF8332A76B51000F442B4 /* CommunityVC.swift */; };
		986AF8372A76B52500F442B4 /* ProfileVC.swift in Sources */ = {isa = PBXBuildFile; fileRef = 986AF8362A76B52500F442B4 /* ProfileVC.swift */; };
		9888A2762A6D686A00F507BD /* Step2VC.swift in Sources */ = {isa = PBXBuildFile; fileRef = 9888A2752A6D686A00F507BD /* Step2VC.swift */; };
		9888A2782A6D690200F507BD /* Step3VC.swift in Sources */ = {isa = PBXBuildFile; fileRef = 9888A2772A6D690200F507BD /* Step3VC.swift */; };
		9888A27A2A6D694F00F507BD /* Step4VC.swift in Sources */ = {isa = PBXBuildFile; fileRef = 9888A2792A6D694F00F507BD /* Step4VC.swift */; };
		9888A27C2A6D697E00F507BD /* Step1VC.swift in Sources */ = {isa = PBXBuildFile; fileRef = 9888A27B2A6D697E00F507BD /* Step1VC.swift */; };
		9888A2802A6D7C8800F507BD /* DetailViewController.swift in Sources */ = {isa = PBXBuildFile; fileRef = 9888A27F2A6D7C8800F507BD /* DetailViewController.swift */; };
		98AEEBBE2A76ADF400675378 /* TabRouter.storyboard in Resources */ = {isa = PBXBuildFile; fileRef = 98AEEBBD2A76ADF400675378 /* TabRouter.storyboard */; };
		98AEEBC42A76AF8600675378 /* MyLocation.storyboard in Resources */ = {isa = PBXBuildFile; fileRef = 98AEEBC32A76AF8600675378 /* MyLocation.storyboard */; };
		98AEEBC62A76AF9100675378 /* Community.storyboard in Resources */ = {isa = PBXBuildFile; fileRef = 98AEEBC52A76AF9100675378 /* Community.storyboard */; };
		98AEEBC82A76AF9900675378 /* Profile.storyboard in Resources */ = {isa = PBXBuildFile; fileRef = 98AEEBC72A76AF9900675378 /* Profile.storyboard */; };
		98C12D3A2A5E3B8A00175EB8 /* AppDelegate.swift in Sources */ = {isa = PBXBuildFile; fileRef = 98C12D392A5E3B8A00175EB8 /* AppDelegate.swift */; };
		98C12D3C2A5E3B8B00175EB8 /* SceneDelegate.swift in Sources */ = {isa = PBXBuildFile; fileRef = 98C12D3B2A5E3B8B00175EB8 /* SceneDelegate.swift */; };
		98C12D412A5E3B8B00175EB8 /* Main.storyboard in Resources */ = {isa = PBXBuildFile; fileRef = 98C12D3F2A5E3B8B00175EB8 /* Main.storyboard */; };
		98C12D432A5E3B8B00175EB8 /* Assets.xcassets in Resources */ = {isa = PBXBuildFile; fileRef = 98C12D422A5E3B8B00175EB8 /* Assets.xcassets */; };
		98C12D462A5E3B8B00175EB8 /* LaunchScreen.storyboard in Resources */ = {isa = PBXBuildFile; fileRef = 98C12D442A5E3B8B00175EB8 /* LaunchScreen.storyboard */; };
		98C12D692A5E564E00175EB8 /* MainVC.swift in Sources */ = {isa = PBXBuildFile; fileRef = 98C12D682A5E564E00175EB8 /* MainVC.swift */; };
		98C12D6C2A5E59DA00175EB8 /* SUIT-Bold.otf in Resources */ = {isa = PBXBuildFile; fileRef = 98C12D6A2A5E59DA00175EB8 /* SUIT-Bold.otf */; };
		98C12D6D2A5E59DA00175EB8 /* SUIT-Medium.otf in Resources */ = {isa = PBXBuildFile; fileRef = 98C12D6B2A5E59DA00175EB8 /* SUIT-Medium.otf */; };
		98C12D712A5E666100175EB8 /* UserModel.swift in Sources */ = {isa = PBXBuildFile; fileRef = 98C12D702A5E666100175EB8 /* UserModel.swift */; };
		98C12D732A5E676500175EB8 /* SignIn.storyboard in Resources */ = {isa = PBXBuildFile; fileRef = 98C12D722A5E676500175EB8 /* SignIn.storyboard */; };
		98C12D752A5E67D200175EB8 /* SignInViewController.swift in Sources */ = {isa = PBXBuildFile; fileRef = 98C12D742A5E67D200175EB8 /* SignInViewController.swift */; };
		98C12D772A5E6C1D00175EB8 /* Home.storyboard in Resources */ = {isa = PBXBuildFile; fileRef = 98C12D762A5E6C1D00175EB8 /* Home.storyboard */; };
		98C12D792A5E6C8E00175EB8 /* HomeVC.swift in Sources */ = {isa = PBXBuildFile; fileRef = 98C12D782A5E6C8E00175EB8 /* HomeVC.swift */; };
		98C12D7B2A5E7ADB00175EB8 /* SUIT-SemiBold.otf in Resources */ = {isa = PBXBuildFile; fileRef = 98C12D7A2A5E7ADB00175EB8 /* SUIT-SemiBold.otf */; };
		98C12D7D2A5E7F5500175EB8 /* SiginInModel.swift in Sources */ = {isa = PBXBuildFile; fileRef = 98C12D7C2A5E7F5500175EB8 /* SiginInModel.swift */; };
		98EC8F4D2A72109300AA698C /* Step2_1VC.swift in Sources */ = {isa = PBXBuildFile; fileRef = 98EC8F4C2A72109300AA698C /* Step2_1VC.swift */; };
		98EC8F4F2A721C3400AA698C /* SignUpDoneViewController.swift in Sources */ = {isa = PBXBuildFile; fileRef = 98EC8F4E2A721C3400AA698C /* SignUpDoneViewController.swift */; };
/* End PBXBuildFile section */

/* Begin PBXFileReference section */
		2169274B3BE5AE0E0D7DAFDE /* Pods-YakAl.debug.xcconfig */ = {isa = PBXFileReference; includeInIndex = 1; lastKnownFileType = text.xcconfig; name = "Pods-YakAl.debug.xcconfig"; path = "Target Support Files/Pods-YakAl/Pods-YakAl.debug.xcconfig"; sourceTree = "<group>"; };
		980531912A6F7C2F00E094C3 /* Step0_1VC.swift */ = {isa = PBXFileReference; lastKnownFileType = sourcecode.swift; path = Step0_1VC.swift; sourceTree = "<group>"; };
		980BF8F12A61015100ADE034 /* ProgressNavController.swift */ = {isa = PBXFileReference; lastKnownFileType = sourcecode.swift; path = ProgressNavController.swift; sourceTree = "<group>"; };
		981C933B2A67B1A600F428E5 /* YakAl.entitlements */ = {isa = PBXFileReference; lastKnownFileType = text.plist.entitlements; path = YakAl.entitlements; sourceTree = "<group>"; };
		985A28BE2A76B99E00B9943D /* TabBarVC.swift */ = {isa = PBXFileReference; lastKnownFileType = sourcecode.swift; path = TabBarVC.swift; sourceTree = "<group>"; };
		986AF8312A76B4FA00F442B4 /* MyLocationVC.swift */ = {isa = PBXFileReference; lastKnownFileType = sourcecode.swift; path = MyLocationVC.swift; sourceTree = "<group>"; };
		986AF8332A76B51000F442B4 /* CommunityVC.swift */ = {isa = PBXFileReference; lastKnownFileType = sourcecode.swift; path = CommunityVC.swift; sourceTree = "<group>"; };
		986AF8362A76B52500F442B4 /* ProfileVC.swift */ = {isa = PBXFileReference; lastKnownFileType = sourcecode.swift; path = ProfileVC.swift; sourceTree = "<group>"; };
		9888A2752A6D686A00F507BD /* Step2VC.swift */ = {isa = PBXFileReference; lastKnownFileType = sourcecode.swift; path = Step2VC.swift; sourceTree = "<group>"; };
		9888A2772A6D690200F507BD /* Step3VC.swift */ = {isa = PBXFileReference; lastKnownFileType = sourcecode.swift; path = Step3VC.swift; sourceTree = "<group>"; };
		9888A2792A6D694F00F507BD /* Step4VC.swift */ = {isa = PBXFileReference; lastKnownFileType = sourcecode.swift; path = Step4VC.swift; sourceTree = "<group>"; };
		9888A27B2A6D697E00F507BD /* Step1VC.swift */ = {isa = PBXFileReference; lastKnownFileType = sourcecode.swift; path = Step1VC.swift; sourceTree = "<group>"; };
		9888A27F2A6D7C8800F507BD /* DetailViewController.swift */ = {isa = PBXFileReference; lastKnownFileType = sourcecode.swift; path = DetailViewController.swift; sourceTree = "<group>"; };
		98AEEBBD2A76ADF400675378 /* TabRouter.storyboard */ = {isa = PBXFileReference; lastKnownFileType = file.storyboard; path = TabRouter.storyboard; sourceTree = "<group>"; };
		98AEEBC32A76AF8600675378 /* MyLocation.storyboard */ = {isa = PBXFileReference; lastKnownFileType = file.storyboard; path = MyLocation.storyboard; sourceTree = "<group>"; };
		98AEEBC52A76AF9100675378 /* Community.storyboard */ = {isa = PBXFileReference; lastKnownFileType = file.storyboard; path = Community.storyboard; sourceTree = "<group>"; };
		98AEEBC72A76AF9900675378 /* Profile.storyboard */ = {isa = PBXFileReference; lastKnownFileType = file.storyboard; path = Profile.storyboard; sourceTree = "<group>"; };
		98C12D362A5E3B8A00175EB8 /* YakAl.app */ = {isa = PBXFileReference; explicitFileType = wrapper.application; includeInIndex = 0; path = YakAl.app; sourceTree = BUILT_PRODUCTS_DIR; };
		98C12D392A5E3B8A00175EB8 /* AppDelegate.swift */ = {isa = PBXFileReference; lastKnownFileType = sourcecode.swift; path = AppDelegate.swift; sourceTree = "<group>"; };
		98C12D3B2A5E3B8B00175EB8 /* SceneDelegate.swift */ = {isa = PBXFileReference; lastKnownFileType = sourcecode.swift; path = SceneDelegate.swift; sourceTree = "<group>"; };
		98C12D402A5E3B8B00175EB8 /* Base */ = {isa = PBXFileReference; lastKnownFileType = file.storyboard; name = Base; path = Base.lproj/Main.storyboard; sourceTree = "<group>"; };
		98C12D422A5E3B8B00175EB8 /* Assets.xcassets */ = {isa = PBXFileReference; lastKnownFileType = folder.assetcatalog; path = Assets.xcassets; sourceTree = "<group>"; };
		98C12D452A5E3B8B00175EB8 /* Base */ = {isa = PBXFileReference; lastKnownFileType = file.storyboard; name = Base; path = Base.lproj/LaunchScreen.storyboard; sourceTree = "<group>"; };
		98C12D472A5E3B8B00175EB8 /* Info.plist */ = {isa = PBXFileReference; lastKnownFileType = text.plist.xml; path = Info.plist; sourceTree = "<group>"; };
		98C12D682A5E564E00175EB8 /* MainVC.swift */ = {isa = PBXFileReference; lastKnownFileType = sourcecode.swift; path = MainVC.swift; sourceTree = "<group>"; };
		98C12D6A2A5E59DA00175EB8 /* SUIT-Bold.otf */ = {isa = PBXFileReference; lastKnownFileType = file; path = "SUIT-Bold.otf"; sourceTree = "<group>"; };
		98C12D6B2A5E59DA00175EB8 /* SUIT-Medium.otf */ = {isa = PBXFileReference; lastKnownFileType = file; path = "SUIT-Medium.otf"; sourceTree = "<group>"; };
		98C12D702A5E666100175EB8 /* UserModel.swift */ = {isa = PBXFileReference; lastKnownFileType = sourcecode.swift; path = UserModel.swift; sourceTree = "<group>"; };
		98C12D722A5E676500175EB8 /* SignIn.storyboard */ = {isa = PBXFileReference; lastKnownFileType = file.storyboard; path = SignIn.storyboard; sourceTree = "<group>"; };
		98C12D742A5E67D200175EB8 /* SignInViewController.swift */ = {isa = PBXFileReference; lastKnownFileType = sourcecode.swift; path = SignInViewController.swift; sourceTree = "<group>"; };
		98C12D762A5E6C1D00175EB8 /* Home.storyboard */ = {isa = PBXFileReference; lastKnownFileType = file.storyboard; path = Home.storyboard; sourceTree = "<group>"; };
		98C12D782A5E6C8E00175EB8 /* HomeVC.swift */ = {isa = PBXFileReference; lastKnownFileType = sourcecode.swift; path = HomeVC.swift; sourceTree = "<group>"; };
		98C12D7A2A5E7ADB00175EB8 /* SUIT-SemiBold.otf */ = {isa = PBXFileReference; lastKnownFileType = file; path = "SUIT-SemiBold.otf"; sourceTree = "<group>"; };
		98C12D7C2A5E7F5500175EB8 /* SiginInModel.swift */ = {isa = PBXFileReference; lastKnownFileType = sourcecode.swift; path = SiginInModel.swift; sourceTree = "<group>"; };
		98EC8F4C2A72109300AA698C /* Step2_1VC.swift */ = {isa = PBXFileReference; lastKnownFileType = sourcecode.swift; path = Step2_1VC.swift; sourceTree = "<group>"; };
		98EC8F4E2A721C3400AA698C /* SignUpDoneViewController.swift */ = {isa = PBXFileReference; lastKnownFileType = sourcecode.swift; path = SignUpDoneViewController.swift; sourceTree = "<group>"; };
		BCD506A65FEAE383D996B30E /* Pods-YakAl.release.xcconfig */ = {isa = PBXFileReference; includeInIndex = 1; lastKnownFileType = text.xcconfig; name = "Pods-YakAl.release.xcconfig"; path = "Target Support Files/Pods-YakAl/Pods-YakAl.release.xcconfig"; sourceTree = "<group>"; };
		F0F1246EC00D3B5E32CB59DE /* Pods_YakAl.framework */ = {isa = PBXFileReference; explicitFileType = wrapper.framework; includeInIndex = 0; path = Pods_YakAl.framework; sourceTree = BUILT_PRODUCTS_DIR; };
/* End PBXFileReference section */

/* Begin PBXFrameworksBuildPhase section */
		98C12D332A5E3B8A00175EB8 /* Frameworks */ = {
			isa = PBXFrameworksBuildPhase;
			buildActionMask = 2147483647;
			files = (
				8CE80EF4604FC4229A794C5E /* Pods_YakAl.framework in Frameworks */,
			);
			runOnlyForDeploymentPostprocessing = 0;
		};
/* End PBXFrameworksBuildPhase section */

/* Begin PBXGroup section */
		986AF82D2A76B37500F442B4 /* Home */ = {
			isa = PBXGroup;
			children = (
				98C12D782A5E6C8E00175EB8 /* HomeVC.swift */,
			);
			path = Home;
			sourceTree = "<group>";
		};
		986AF82E2A76B4D500F442B4 /* Profile */ = {
			isa = PBXGroup;
			children = (
				986AF8362A76B52500F442B4 /* ProfileVC.swift */,
			);
			path = Profile;
			sourceTree = "<group>";
		};
		986AF82F2A76B4D900F442B4 /* Community */ = {
			isa = PBXGroup;
			children = (
				986AF8332A76B51000F442B4 /* CommunityVC.swift */,
			);
			path = Community;
			sourceTree = "<group>";
		};
		986AF8302A76B4E100F442B4 /* MyLocation */ = {
			isa = PBXGroup;
			children = (
				986AF8312A76B4FA00F442B4 /* MyLocationVC.swift */,
			);
			path = MyLocation;
			sourceTree = "<group>";
		};
		986AF8382A76B53700F442B4 /* Main */ = {
			isa = PBXGroup;
			children = (
				98C12D682A5E564E00175EB8 /* MainVC.swift */,
				985A28BE2A76B99E00B9943D /* TabBarVC.swift */,
			);
			path = Main;
			sourceTree = "<group>";
		};
		9888A2742A6D680800F507BD /* SignIn */ = {
			isa = PBXGroup;
			children = (
				980531912A6F7C2F00E094C3 /* Step0_1VC.swift */,
				9888A27D2A6D69C400F507BD /* Store */,
				98C12D742A5E67D200175EB8 /* SignInViewController.swift */,
				9888A27B2A6D697E00F507BD /* Step1VC.swift */,
				9888A27F2A6D7C8800F507BD /* DetailViewController.swift */,
				98EC8F4C2A72109300AA698C /* Step2_1VC.swift */,
				98EC8F4E2A721C3400AA698C /* SignUpDoneViewController.swift */,
			);
			path = SignIn;
			sourceTree = "<group>";
		};
		9888A27D2A6D69C400F507BD /* Store */ = {
			isa = PBXGroup;
			children = (
				9888A2752A6D686A00F507BD /* Step2VC.swift */,
				9888A2772A6D690200F507BD /* Step3VC.swift */,
				9888A2792A6D694F00F507BD /* Step4VC.swift */,
			);
			path = Store;
			sourceTree = "<group>";
		};
		98AEEBBF2A76AF1000675378 /* Home */ = {
			isa = PBXGroup;
			children = (
				98C12D762A5E6C1D00175EB8 /* Home.storyboard */,
			);
			path = Home;
			sourceTree = "<group>";
		};
		98AEEBC02A76AF1A00675378 /* MyLocation */ = {
			isa = PBXGroup;
			children = (
				98AEEBC32A76AF8600675378 /* MyLocation.storyboard */,
			);
			path = MyLocation;
			sourceTree = "<group>";
		};
		98AEEBC12A76AF2500675378 /* Community */ = {
			isa = PBXGroup;
			children = (
				98AEEBC52A76AF9100675378 /* Community.storyboard */,
			);
			path = Community;
			sourceTree = "<group>";
		};
		98AEEBC22A76AF3400675378 /* Profile */ = {
			isa = PBXGroup;
			children = (
				98AEEBC72A76AF9900675378 /* Profile.storyboard */,
			);
			path = Profile;
			sourceTree = "<group>";
		};
		98C12D2D2A5E3B8A00175EB8 = {
			isa = PBXGroup;
			children = (
				98C12D382A5E3B8A00175EB8 /* YakAl */,
				98C12D372A5E3B8A00175EB8 /* Products */,
				BA76A499F4600E78623F8D51 /* Pods */,
				CBD72444E1453294EEDE6D88 /* Frameworks */,
			);
			sourceTree = "<group>";
		};
		98C12D372A5E3B8A00175EB8 /* Products */ = {
			isa = PBXGroup;
			children = (
				98C12D362A5E3B8A00175EB8 /* YakAl.app */,
			);
			name = Products;
			sourceTree = "<group>";
		};
		98C12D382A5E3B8A00175EB8 /* YakAl */ = {
			isa = PBXGroup;
			children = (
				981C933B2A67B1A600F428E5 /* YakAl.entitlements */,
				98C12D502A5E3C7700175EB8 /* Sources */,
				98C12D4D2A5E3C2B00175EB8 /* Resources */,
				98C12D472A5E3B8B00175EB8 /* Info.plist */,
			);
			path = YakAl;
			sourceTree = "<group>";
		};
		98C12D4D2A5E3C2B00175EB8 /* Resources */ = {
			isa = PBXGroup;
			children = (
				98C12D552A5E484B00175EB8 /* Fonts */,
				98C12D422A5E3B8B00175EB8 /* Assets.xcassets */,
				98C12D392A5E3B8A00175EB8 /* AppDelegate.swift */,
				98C12D3B2A5E3B8B00175EB8 /* SceneDelegate.swift */,
				98C12D4F2A5E3C4100175EB8 /* APIServices */,
				98C12D4E2A5E3C3800175EB8 /* StoryBoards */,
			);
			path = Resources;
			sourceTree = "<group>";
		};
		98C12D4E2A5E3C3800175EB8 /* StoryBoards */ = {
			isa = PBXGroup;
			children = (
				98AEEBC22A76AF3400675378 /* Profile */,
				98AEEBC12A76AF2500675378 /* Community */,
				98AEEBC02A76AF1A00675378 /* MyLocation */,
				98AEEBBF2A76AF1000675378 /* Home */,
				98C12D3F2A5E3B8B00175EB8 /* Main.storyboard */,
				98C12D442A5E3B8B00175EB8 /* LaunchScreen.storyboard */,
				98C12D722A5E676500175EB8 /* SignIn.storyboard */,
				98AEEBBD2A76ADF400675378 /* TabRouter.storyboard */,
			);
			path = StoryBoards;
			sourceTree = "<group>";
		};
		98C12D4F2A5E3C4100175EB8 /* APIServices */ = {
			isa = PBXGroup;
			children = (
			);
			path = APIServices;
			sourceTree = "<group>";
		};
		98C12D502A5E3C7700175EB8 /* Sources */ = {
			isa = PBXGroup;
			children = (
				98C12D542A5E3C8F00175EB8 /* Models */,
				98C12D532A5E3C8900175EB8 /* Cells */,
				98C12D522A5E3C8300175EB8 /* Classes */,
				98C12D512A5E3C7E00175EB8 /* VCs */,
			);
			path = Sources;
			sourceTree = "<group>";
		};
		98C12D512A5E3C7E00175EB8 /* VCs */ = {
			isa = PBXGroup;
			children = (
				986AF8382A76B53700F442B4 /* Main */,
				986AF8302A76B4E100F442B4 /* MyLocation */,
				986AF82F2A76B4D900F442B4 /* Community */,
				986AF82E2A76B4D500F442B4 /* Profile */,
				986AF82D2A76B37500F442B4 /* Home */,
				9888A2742A6D680800F507BD /* SignIn */,
			);
			path = VCs;
			sourceTree = "<group>";
		};
		98C12D522A5E3C8300175EB8 /* Classes */ = {
			isa = PBXGroup;
			children = (
				980BF8F12A61015100ADE034 /* ProgressNavController.swift */,
			);
			path = Classes;
			sourceTree = "<group>";
		};
		98C12D532A5E3C8900175EB8 /* Cells */ = {
			isa = PBXGroup;
			children = (
			);
			path = Cells;
			sourceTree = "<group>";
		};
		98C12D542A5E3C8F00175EB8 /* Models */ = {
			isa = PBXGroup;
			children = (
				98C12D702A5E666100175EB8 /* UserModel.swift */,
				98C12D7C2A5E7F5500175EB8 /* SiginInModel.swift */,
			);
			path = Models;
			sourceTree = "<group>";
		};
		98C12D552A5E484B00175EB8 /* Fonts */ = {
			isa = PBXGroup;
			children = (
				98C12D7A2A5E7ADB00175EB8 /* SUIT-SemiBold.otf */,
				98C12D6A2A5E59DA00175EB8 /* SUIT-Bold.otf */,
				98C12D6B2A5E59DA00175EB8 /* SUIT-Medium.otf */,
			);
			path = Fonts;
			sourceTree = "<group>";
		};
		BA76A499F4600E78623F8D51 /* Pods */ = {
			isa = PBXGroup;
			children = (
				2169274B3BE5AE0E0D7DAFDE /* Pods-YakAl.debug.xcconfig */,
				BCD506A65FEAE383D996B30E /* Pods-YakAl.release.xcconfig */,
			);
			path = Pods;
			sourceTree = "<group>";
		};
		CBD72444E1453294EEDE6D88 /* Frameworks */ = {
			isa = PBXGroup;
			children = (
				F0F1246EC00D3B5E32CB59DE /* Pods_YakAl.framework */,
			);
			name = Frameworks;
			sourceTree = "<group>";
		};
/* End PBXGroup section */

/* Begin PBXNativeTarget section */
		98C12D352A5E3B8A00175EB8 /* YakAl */ = {
			isa = PBXNativeTarget;
			buildConfigurationList = 98C12D4A2A5E3B8B00175EB8 /* Build configuration list for PBXNativeTarget "YakAl" */;
			buildPhases = (
				A623FF111C2FC71E4C8F7E34 /* [CP] Check Pods Manifest.lock */,
				98C12D322A5E3B8A00175EB8 /* Sources */,
				98C12D332A5E3B8A00175EB8 /* Frameworks */,
				98C12D342A5E3B8A00175EB8 /* Resources */,
				42E6E6751761956676665534 /* [CP] Embed Pods Frameworks */,
			);
			buildRules = (
			);
			dependencies = (
			);
			name = YakAl;
			productName = YakAl;
			productReference = 98C12D362A5E3B8A00175EB8 /* YakAl.app */;
			productType = "com.apple.product-type.application";
		};
/* End PBXNativeTarget section */

/* Begin PBXProject section */
		98C12D2E2A5E3B8A00175EB8 /* Project object */ = {
			isa = PBXProject;
			attributes = {
				BuildIndependentTargetsInParallel = 1;
				LastSwiftUpdateCheck = 1430;
				LastUpgradeCheck = 1430;
				TargetAttributes = {
					98C12D352A5E3B8A00175EB8 = {
						CreatedOnToolsVersion = 14.3.1;
					};
				};
			};
			buildConfigurationList = 98C12D312A5E3B8A00175EB8 /* Build configuration list for PBXProject "YakAl" */;
			compatibilityVersion = "Xcode 14.0";
			developmentRegion = en;
			hasScannedForEncodings = 0;
			knownRegions = (
				en,
				Base,
			);
			mainGroup = 98C12D2D2A5E3B8A00175EB8;
			productRefGroup = 98C12D372A5E3B8A00175EB8 /* Products */;
			projectDirPath = "";
			projectRoot = "";
			targets = (
				98C12D352A5E3B8A00175EB8 /* YakAl */,
			);
		};
/* End PBXProject section */

/* Begin PBXResourcesBuildPhase section */
		98C12D342A5E3B8A00175EB8 /* Resources */ = {
			isa = PBXResourcesBuildPhase;
			buildActionMask = 2147483647;
			files = (
				98C12D772A5E6C1D00175EB8 /* Home.storyboard in Resources */,
				98C12D462A5E3B8B00175EB8 /* LaunchScreen.storyboard in Resources */,
				98C12D6D2A5E59DA00175EB8 /* SUIT-Medium.otf in Resources */,
				98C12D432A5E3B8B00175EB8 /* Assets.xcassets in Resources */,
				98AEEBC62A76AF9100675378 /* Community.storyboard in Resources */,
				98C12D732A5E676500175EB8 /* SignIn.storyboard in Resources */,
				98AEEBC82A76AF9900675378 /* Profile.storyboard in Resources */,
				98AEEBBE2A76ADF400675378 /* TabRouter.storyboard in Resources */,
				98C12D412A5E3B8B00175EB8 /* Main.storyboard in Resources */,
				98AEEBC42A76AF8600675378 /* MyLocation.storyboard in Resources */,
				98C12D7B2A5E7ADB00175EB8 /* SUIT-SemiBold.otf in Resources */,
				98C12D6C2A5E59DA00175EB8 /* SUIT-Bold.otf in Resources */,
			);
			runOnlyForDeploymentPostprocessing = 0;
		};
/* End PBXResourcesBuildPhase section */

/* Begin PBXShellScriptBuildPhase section */
		42E6E6751761956676665534 /* [CP] Embed Pods Frameworks */ = {
			isa = PBXShellScriptBuildPhase;
			buildActionMask = 2147483647;
			files = (
			);
			inputFileListPaths = (
				"${PODS_ROOT}/Target Support Files/Pods-YakAl/Pods-YakAl-frameworks-${CONFIGURATION}-input-files.xcfilelist",
			);
			name = "[CP] Embed Pods Frameworks";
			outputFileListPaths = (
				"${PODS_ROOT}/Target Support Files/Pods-YakAl/Pods-YakAl-frameworks-${CONFIGURATION}-output-files.xcfilelist",
			);
			runOnlyForDeploymentPostprocessing = 0;
			shellPath = /bin/sh;
			shellScript = "\"${PODS_ROOT}/Target Support Files/Pods-YakAl/Pods-YakAl-frameworks.sh\"\n";
			showEnvVarsInLog = 0;
		};
		A623FF111C2FC71E4C8F7E34 /* [CP] Check Pods Manifest.lock */ = {
			isa = PBXShellScriptBuildPhase;
			buildActionMask = 2147483647;
			files = (
			);
			inputFileListPaths = (
			);
			inputPaths = (
				"${PODS_PODFILE_DIR_PATH}/Podfile.lock",
				"${PODS_ROOT}/Manifest.lock",
			);
			name = "[CP] Check Pods Manifest.lock";
			outputFileListPaths = (
			);
			outputPaths = (
				"$(DERIVED_FILE_DIR)/Pods-YakAl-checkManifestLockResult.txt",
			);
			runOnlyForDeploymentPostprocessing = 0;
			shellPath = /bin/sh;
			shellScript = "diff \"${PODS_PODFILE_DIR_PATH}/Podfile.lock\" \"${PODS_ROOT}/Manifest.lock\" > /dev/null\nif [ $? != 0 ] ; then\n    # print error to STDERR\n    echo \"error: The sandbox is not in sync with the Podfile.lock. Run 'pod install' or update your CocoaPods installation.\" >&2\n    exit 1\nfi\n# This output is used by Xcode 'outputs' to avoid re-running this script phase.\necho \"SUCCESS\" > \"${SCRIPT_OUTPUT_FILE_0}\"\n";
			showEnvVarsInLog = 0;
		};
/* End PBXShellScriptBuildPhase section */

/* Begin PBXSourcesBuildPhase section */
		98C12D322A5E3B8A00175EB8 /* Sources */ = {
			isa = PBXSourcesBuildPhase;
			buildActionMask = 2147483647;
			files = (
				986AF8342A76B51000F442B4 /* CommunityVC.swift in Sources */,
				9888A2802A6D7C8800F507BD /* DetailViewController.swift in Sources */,
				985A28BF2A76B99E00B9943D /* TabBarVC.swift in Sources */,
				9888A2762A6D686A00F507BD /* Step2VC.swift in Sources */,
				986AF8372A76B52500F442B4 /* ProfileVC.swift in Sources */,
				98C12D692A5E564E00175EB8 /* MainVC.swift in Sources */,
				986AF8322A76B4FA00F442B4 /* MyLocationVC.swift in Sources */,
				9888A27C2A6D697E00F507BD /* Step1VC.swift in Sources */,
				98EC8F4F2A721C3400AA698C /* SignUpDoneViewController.swift in Sources */,
				9888A27A2A6D694F00F507BD /* Step4VC.swift in Sources */,
				98C12D3A2A5E3B8A00175EB8 /* AppDelegate.swift in Sources */,
				98C12D712A5E666100175EB8 /* UserModel.swift in Sources */,
				980531922A6F7C2F00E094C3 /* Step0_1VC.swift in Sources */,
				98C12D752A5E67D200175EB8 /* SignInViewController.swift in Sources */,
				980BF8F22A61015100ADE034 /* ProgressNavController.swift in Sources */,
				9888A2782A6D690200F507BD /* Step3VC.swift in Sources */,
				98EC8F4D2A72109300AA698C /* Step2_1VC.swift in Sources */,
				98C12D7D2A5E7F5500175EB8 /* SiginInModel.swift in Sources */,
				98C12D3C2A5E3B8B00175EB8 /* SceneDelegate.swift in Sources */,
				98C12D792A5E6C8E00175EB8 /* HomeVC.swift in Sources */,
			);
			runOnlyForDeploymentPostprocessing = 0;
		};
/* End PBXSourcesBuildPhase section */

/* Begin PBXVariantGroup section */
		98C12D3F2A5E3B8B00175EB8 /* Main.storyboard */ = {
			isa = PBXVariantGroup;
			children = (
				98C12D402A5E3B8B00175EB8 /* Base */,
			);
			name = Main.storyboard;
			sourceTree = "<group>";
		};
		98C12D442A5E3B8B00175EB8 /* LaunchScreen.storyboard */ = {
			isa = PBXVariantGroup;
			children = (
				98C12D452A5E3B8B00175EB8 /* Base */,
			);
			name = LaunchScreen.storyboard;
			sourceTree = "<group>";
		};
/* End PBXVariantGroup section */

/* Begin XCBuildConfiguration section */
		98C12D482A5E3B8B00175EB8 /* Debug */ = {
			isa = XCBuildConfiguration;
			buildSettings = {
				ALWAYS_SEARCH_USER_PATHS = NO;
				CLANG_ANALYZER_NONNULL = YES;
				CLANG_ANALYZER_NUMBER_OBJECT_CONVERSION = YES_AGGRESSIVE;
				CLANG_CXX_LANGUAGE_STANDARD = "gnu++20";
				CLANG_ENABLE_MODULES = YES;
				CLANG_ENABLE_OBJC_ARC = YES;
				CLANG_ENABLE_OBJC_WEAK = YES;
				CLANG_WARN_BLOCK_CAPTURE_AUTORELEASING = YES;
				CLANG_WARN_BOOL_CONVERSION = YES;
				CLANG_WARN_COMMA = YES;
				CLANG_WARN_CONSTANT_CONVERSION = YES;
				CLANG_WARN_DEPRECATED_OBJC_IMPLEMENTATIONS = YES;
				CLANG_WARN_DIRECT_OBJC_ISA_USAGE = YES_ERROR;
				CLANG_WARN_DOCUMENTATION_COMMENTS = YES;
				CLANG_WARN_EMPTY_BODY = YES;
				CLANG_WARN_ENUM_CONVERSION = YES;
				CLANG_WARN_INFINITE_RECURSION = YES;
				CLANG_WARN_INT_CONVERSION = YES;
				CLANG_WARN_NON_LITERAL_NULL_CONVERSION = YES;
				CLANG_WARN_OBJC_IMPLICIT_RETAIN_SELF = YES;
				CLANG_WARN_OBJC_LITERAL_CONVERSION = YES;
				CLANG_WARN_OBJC_ROOT_CLASS = YES_ERROR;
				CLANG_WARN_QUOTED_INCLUDE_IN_FRAMEWORK_HEADER = YES;
				CLANG_WARN_RANGE_LOOP_ANALYSIS = YES;
				CLANG_WARN_STRICT_PROTOTYPES = YES;
				CLANG_WARN_SUSPICIOUS_MOVE = YES;
				CLANG_WARN_UNGUARDED_AVAILABILITY = YES_AGGRESSIVE;
				CLANG_WARN_UNREACHABLE_CODE = YES;
				CLANG_WARN__DUPLICATE_METHOD_MATCH = YES;
				COPY_PHASE_STRIP = NO;
				DEBUG_INFORMATION_FORMAT = dwarf;
				ENABLE_STRICT_OBJC_MSGSEND = YES;
				ENABLE_TESTABILITY = YES;
				GCC_C_LANGUAGE_STANDARD = gnu11;
				GCC_DYNAMIC_NO_PIC = NO;
				GCC_NO_COMMON_BLOCKS = YES;
				GCC_OPTIMIZATION_LEVEL = 0;
				GCC_PREPROCESSOR_DEFINITIONS = (
					"DEBUG=1",
					"$(inherited)",
				);
				GCC_WARN_64_TO_32_BIT_CONVERSION = YES;
				GCC_WARN_ABOUT_RETURN_TYPE = YES_ERROR;
				GCC_WARN_UNDECLARED_SELECTOR = YES;
				GCC_WARN_UNINITIALIZED_AUTOS = YES_AGGRESSIVE;
				GCC_WARN_UNUSED_FUNCTION = YES;
				GCC_WARN_UNUSED_VARIABLE = YES;
				IPHONEOS_DEPLOYMENT_TARGET = 16.4;
				MTL_ENABLE_DEBUG_INFO = INCLUDE_SOURCE;
				MTL_FAST_MATH = YES;
				ONLY_ACTIVE_ARCH = YES;
				SDKROOT = iphoneos;
				SWIFT_ACTIVE_COMPILATION_CONDITIONS = DEBUG;
				SWIFT_OPTIMIZATION_LEVEL = "-Onone";
			};
			name = Debug;
		};
		98C12D492A5E3B8B00175EB8 /* Release */ = {
			isa = XCBuildConfiguration;
			buildSettings = {
				ALWAYS_SEARCH_USER_PATHS = NO;
				CLANG_ANALYZER_NONNULL = YES;
				CLANG_ANALYZER_NUMBER_OBJECT_CONVERSION = YES_AGGRESSIVE;
				CLANG_CXX_LANGUAGE_STANDARD = "gnu++20";
				CLANG_ENABLE_MODULES = YES;
				CLANG_ENABLE_OBJC_ARC = YES;
				CLANG_ENABLE_OBJC_WEAK = YES;
				CLANG_WARN_BLOCK_CAPTURE_AUTORELEASING = YES;
				CLANG_WARN_BOOL_CONVERSION = YES;
				CLANG_WARN_COMMA = YES;
				CLANG_WARN_CONSTANT_CONVERSION = YES;
				CLANG_WARN_DEPRECATED_OBJC_IMPLEMENTATIONS = YES;
				CLANG_WARN_DIRECT_OBJC_ISA_USAGE = YES_ERROR;
				CLANG_WARN_DOCUMENTATION_COMMENTS = YES;
				CLANG_WARN_EMPTY_BODY = YES;
				CLANG_WARN_ENUM_CONVERSION = YES;
				CLANG_WARN_INFINITE_RECURSION = YES;
				CLANG_WARN_INT_CONVERSION = YES;
				CLANG_WARN_NON_LITERAL_NULL_CONVERSION = YES;
				CLANG_WARN_OBJC_IMPLICIT_RETAIN_SELF = YES;
				CLANG_WARN_OBJC_LITERAL_CONVERSION = YES;
				CLANG_WARN_OBJC_ROOT_CLASS = YES_ERROR;
				CLANG_WARN_QUOTED_INCLUDE_IN_FRAMEWORK_HEADER = YES;
				CLANG_WARN_RANGE_LOOP_ANALYSIS = YES;
				CLANG_WARN_STRICT_PROTOTYPES = YES;
				CLANG_WARN_SUSPICIOUS_MOVE = YES;
				CLANG_WARN_UNGUARDED_AVAILABILITY = YES_AGGRESSIVE;
				CLANG_WARN_UNREACHABLE_CODE = YES;
				CLANG_WARN__DUPLICATE_METHOD_MATCH = YES;
				COPY_PHASE_STRIP = NO;
				DEBUG_INFORMATION_FORMAT = "dwarf-with-dsym";
				ENABLE_NS_ASSERTIONS = NO;
				ENABLE_STRICT_OBJC_MSGSEND = YES;
				GCC_C_LANGUAGE_STANDARD = gnu11;
				GCC_NO_COMMON_BLOCKS = YES;
				GCC_WARN_64_TO_32_BIT_CONVERSION = YES;
				GCC_WARN_ABOUT_RETURN_TYPE = YES_ERROR;
				GCC_WARN_UNDECLARED_SELECTOR = YES;
				GCC_WARN_UNINITIALIZED_AUTOS = YES_AGGRESSIVE;
				GCC_WARN_UNUSED_FUNCTION = YES;
				GCC_WARN_UNUSED_VARIABLE = YES;
				IPHONEOS_DEPLOYMENT_TARGET = 16.4;
				MTL_ENABLE_DEBUG_INFO = NO;
				MTL_FAST_MATH = YES;
				SDKROOT = iphoneos;
				SWIFT_COMPILATION_MODE = wholemodule;
				SWIFT_OPTIMIZATION_LEVEL = "-O";
				VALIDATE_PRODUCT = YES;
			};
			name = Release;
		};
		98C12D4B2A5E3B8B00175EB8 /* Debug */ = {
			isa = XCBuildConfiguration;
			baseConfigurationReference = 2169274B3BE5AE0E0D7DAFDE /* Pods-YakAl.debug.xcconfig */;
			buildSettings = {
				ASSETCATALOG_COMPILER_APPICON_NAME = AppIcon;
				ASSETCATALOG_COMPILER_GLOBAL_ACCENT_COLOR_NAME = AccentColor;
				CODE_SIGN_ENTITLEMENTS = YakAl/YakAl.entitlements;
				CODE_SIGN_STYLE = Automatic;
				CURRENT_PROJECT_VERSION = 1;
				DEVELOPMENT_TEAM = 4HZC2Z3WWS;
				GENERATE_INFOPLIST_FILE = YES;
				INFOPLIST_FILE = YakAl/Info.plist;
				INFOPLIST_KEY_CFBundleDisplayName = "약알";
				INFOPLIST_KEY_UIApplicationSupportsIndirectInputEvents = YES;
				INFOPLIST_KEY_UILaunchStoryboardName = LaunchScreen;
				INFOPLIST_KEY_UIMainStoryboardFile = Main;
				INFOPLIST_KEY_UISupportedInterfaceOrientations = UIInterfaceOrientationPortrait;
				INFOPLIST_KEY_UIUserInterfaceStyle = Light;
				IPHONEOS_DEPLOYMENT_TARGET = 13.0;
				LD_RUNPATH_SEARCH_PATHS = (
					"$(inherited)",
					"@executable_path/Frameworks",
				);
				MARKETING_VERSION = 1.0;
				PRODUCT_BUNDLE_IDENTIFIER = "-HZC2Z3WWS.viewpharm.yakal2";
				PRODUCT_NAME = "$(TARGET_NAME)";
				SWIFT_EMIT_LOC_STRINGS = YES;
				SWIFT_VERSION = 5.0;
				TARGETED_DEVICE_FAMILY = "1,2";
			};
			name = Debug;
		};
		98C12D4C2A5E3B8B00175EB8 /* Release */ = {
			isa = XCBuildConfiguration;
			baseConfigurationReference = BCD506A65FEAE383D996B30E /* Pods-YakAl.release.xcconfig */;
			buildSettings = {
				ASSETCATALOG_COMPILER_APPICON_NAME = AppIcon;
				ASSETCATALOG_COMPILER_GLOBAL_ACCENT_COLOR_NAME = AccentColor;
				CODE_SIGN_ENTITLEMENTS = YakAl/YakAl.entitlements;
				CODE_SIGN_STYLE = Automatic;
				CURRENT_PROJECT_VERSION = 1;
				DEVELOPMENT_TEAM = 4HZC2Z3WWS;
				GENERATE_INFOPLIST_FILE = YES;
				INFOPLIST_FILE = YakAl/Info.plist;
				INFOPLIST_KEY_CFBundleDisplayName = "약알";
				INFOPLIST_KEY_UIApplicationSupportsIndirectInputEvents = YES;
				INFOPLIST_KEY_UILaunchStoryboardName = LaunchScreen;
				INFOPLIST_KEY_UIMainStoryboardFile = Main;
				INFOPLIST_KEY_UISupportedInterfaceOrientations = UIInterfaceOrientationPortrait;
				INFOPLIST_KEY_UIUserInterfaceStyle = Light;
				IPHONEOS_DEPLOYMENT_TARGET = 13.0;
				LD_RUNPATH_SEARCH_PATHS = (
					"$(inherited)",
					"@executable_path/Frameworks",
				);
				MARKETING_VERSION = 1.0;
				PRODUCT_BUNDLE_IDENTIFIER = "-HZC2Z3WWS.viewpharm.yakal2";
				PRODUCT_NAME = "$(TARGET_NAME)";
				SWIFT_EMIT_LOC_STRINGS = YES;
				SWIFT_VERSION = 5.0;
				TARGETED_DEVICE_FAMILY = "1,2";
			};
			name = Release;
		};
/* End XCBuildConfiguration section */

/* Begin XCConfigurationList section */
		98C12D312A5E3B8A00175EB8 /* Build configuration list for PBXProject "YakAl" */ = {
			isa = XCConfigurationList;
			buildConfigurations = (
				98C12D482A5E3B8B00175EB8 /* Debug */,
				98C12D492A5E3B8B00175EB8 /* Release */,
			);
			defaultConfigurationIsVisible = 0;
			defaultConfigurationName = Release;
		};
		98C12D4A2A5E3B8B00175EB8 /* Build configuration list for PBXNativeTarget "YakAl" */ = {
			isa = XCConfigurationList;
			buildConfigurations = (
				98C12D4B2A5E3B8B00175EB8 /* Debug */,
				98C12D4C2A5E3B8B00175EB8 /* Release */,
			);
			defaultConfigurationIsVisible = 0;
			defaultConfigurationName = Release;
		};
/* End XCConfigurationList section */
	};
	rootObject = 98C12D2E2A5E3B8A00175EB8 /* Project object */;
}
